
Microsoft Visual Studio Solution File, Format Version 12.00
# Visual Studio Version 16
VisualStudioVersion = 16.0.28729.10
MinimumVisualStudioVersion = 10.0.40219.1
Project("{9A19103F-16F7-4668-BE54-9A1E7A4F7556}") = "SelectNationality.Domain", "SelectNationality.Domain\SelectNationality.Domain.csproj", "{65230832-CB14-4F30-BE90-E81290CABEE7}"
EndProject
Project("{9A19103F-16F7-4668-BE54-9A1E7A4F7556}") = "SelectNationality.Application", "SelectNationality.Application\SelectNationality.Application.csproj", "{84F31473-D3AC-4DB1-A156-219F73AA63A5}"
EndProject
Project("{2150E333-8FDC-42A3-9474-1A3956D46DE8}") = "2-Application", "2-Application", "{A5B4A3D9-E1CC-40A9-BAA4-5941D7A49EFE}"
EndProject
Project("{2150E333-8FDC-42A3-9474-1A3956D46DE8}") = "3-Domain", "3-Domain", "{E26DD173-96E9-45C3-8112-E5567647A51F}"
EndProject
Project("{2150E333-8FDC-42A3-9474-1A3956D46DE8}") = "1-SelectNationality", "1-SelectNationality", "{4BF7FD0A-8DBC-48F8-B498-CE4B513B9B22}"
EndProject
Project("{9A19103F-16F7-4668-BE54-9A1E7A4F7556}") = "SelectNationality", "SelectNationality\SelectNationality.csproj", "{EB82C9E4-C051-4698-9848-73341BD0A4CC}"
EndProject
Project("{2150E333-8FDC-42A3-9474-1A3956D46DE8}") = "4-Infrastructure", "4-Infrastructure", "{2BD3D433-4401-4EFD-8A01-EE7A9B6320F3}"
EndProject
Project("{FAE04EC0-301F-11D3-BF4B-00C04F79EFBC}") = "Persistence", "Persistence\Persistence.csproj", "{660F601C-2717-4388-A982-007F38859427}"
EndProject
Global
	GlobalSection(SolutionConfigurationPlatforms) = preSolution
		Debug|Any CPU = Debug|Any CPU
		Release|Any CPU = Release|Any CPU
	EndGlobalSection
	GlobalSection(ProjectConfigurationPlatforms) = postSolution
		{65230832-CB14-4F30-BE90-E81290CABEE7}.Debug|Any CPU.ActiveCfg = Debug|Any CPU
		{65230832-CB14-4F30-BE90-E81290CABEE7}.Debug|Any CPU.Build.0 = Debug|Any CPU
		{65230832-CB14-4F30-BE90-E81290CABEE7}.Release|Any CPU.ActiveCfg = Release|Any CPU
		{65230832-CB14-4F30-BE90-E81290CABEE7}.Release|Any CPU.Build.0 = Release|Any CPU
		{84F31473-D3AC-4DB1-A156-219F73AA63A5}.Debug|Any CPU.ActiveCfg = Debug|Any CPU
		{84F31473-D3AC-4DB1-A156-219F73AA63A5}.Debug|Any CPU.Build.0 = Debug|Any CPU
		{84F31473-D3AC-4DB1-A156-219F73AA63A5}.Release|Any CPU.ActiveCfg = Release|Any CPU
		{84F31473-D3AC-4DB1-A156-219F73AA63A5}.Release|Any CPU.Build.0 = Release|Any CPU
		{EB82C9E4-C051-4698-9848-73341BD0A4CC}.Debug|Any CPU.ActiveCfg = Debug|Any CPU
		{EB82C9E4-C051-4698-9848-73341BD0A4CC}.Debug|Any CPU.Build.0 = Debug|Any CPU
		{EB82C9E4-C051-4698-9848-73341BD0A4CC}.Release|Any CPU.ActiveCfg = Release|Any CPU
		{EB82C9E4-C051-4698-9848-73341BD0A4CC}.Release|Any CPU.Build.0 = Release|Any CPU
		{660F601C-2717-4388-A982-007F38859427}.Debug|Any CPU.ActiveCfg = Debug|Any CPU
		{660F601C-2717-4388-A982-007F38859427}.Debug|Any CPU.Build.0 = Debug|Any CPU
		{660F601C-2717-4388-A982-007F38859427}.Release|Any CPU.ActiveCfg = Release|Any CPU
		{660F601C-2717-4388-A982-007F38859427}.Release|Any CPU.Build.0 = Release|Any CPU
	EndGlobalSection
	GlobalSection(SolutionProperties) = preSolution
		HideSolutionNode = FALSE
	EndGlobalSection
	GlobalSection(NestedProjects) = preSolution
		{65230832-CB14-4F30-BE90-E81290CABEE7} = {E26DD173-96E9-45C3-8112-E5567647A51F}
		{84F31473-D3AC-4DB1-A156-219F73AA63A5} = {A5B4A3D9-E1CC-40A9-BAA4-5941D7A49EFE}
		{EB82C9E4-C051-4698-9848-73341BD0A4CC} = {4BF7FD0A-8DBC-48F8-B498-CE4B513B9B22}
		{660F601C-2717-4388-A982-007F38859427} = {2BD3D433-4401-4EFD-8A01-EE7A9B6320F3}
	EndGlobalSection
	GlobalSection(ExtensibilityGlobals) = postSolution
		SolutionGuid = {651FBB77-5C63-41F1-A6CD-ED96CC847550}
	EndGlobalSection
EndGlobal
